// !$*UTF8*$!
{
	archiveVersion = 1;
	classes = {
	};
	objectVersion = 46;
	objects = {

/* Begin PBXBuildFile section */
		222DDEE21BDE7258003C7630 /* HealthKit.framework in Frameworks */ = {isa = PBXBuildFile; fileRef = 222DDEE11BDE7258003C7630 /* HealthKit.framework */; };
		222DDEE41BDE72A4003C7630 /* HealthManager.swift in Sources */ = {isa = PBXBuildFile; fileRef = 222DDEE31BDE72A4003C7630 /* HealthManager.swift */; };
		2273FB231BDD700B00318B48 /* AppDelegate.swift in Sources */ = {isa = PBXBuildFile; fileRef = 2273FB221BDD700B00318B48 /* AppDelegate.swift */; };
		2273FB251BDD700B00318B48 /* ViewController.swift in Sources */ = {isa = PBXBuildFile; fileRef = 2273FB241BDD700B00318B48 /* ViewController.swift */; };
		2273FB281BDD700B00318B48 /* Main.storyboard in Resources */ = {isa = PBXBuildFile; fileRef = 2273FB261BDD700B00318B48 /* Main.storyboard */; };
		2273FB2A1BDD700B00318B48 /* Assets.xcassets in Resources */ = {isa = PBXBuildFile; fileRef = 2273FB291BDD700B00318B48 /* Assets.xcassets */; };
		2273FB2D1BDD700B00318B48 /* LaunchScreen.storyboard in Resources */ = {isa = PBXBuildFile; fileRef = 2273FB2B1BDD700B00318B48 /* LaunchScreen.storyboard */; };
		2273FB381BDD700B00318B48 /* SleepApneaTrialTests.swift in Sources */ = {isa = PBXBuildFile; fileRef = 2273FB371BDD700B00318B48 /* SleepApneaTrialTests.swift */; };
		2273FB431BDD700B00318B48 /* SleepApneaTrialUITests.swift in Sources */ = {isa = PBXBuildFile; fileRef = 2273FB421BDD700B00318B48 /* SleepApneaTrialUITests.swift */; };
		D43A90592CA4F25623182979 /* Pods.framework in Frameworks */ = {isa = PBXBuildFile; fileRef = 3AE00D7C88E31101CE61F358 /* Pods.framework */; };
/* End PBXBuildFile section */

/* Begin PBXContainerItemProxy section */
		2273FB341BDD700B00318B48 /* PBXContainerItemProxy */ = {
			isa = PBXContainerItemProxy;
			containerPortal = 2273FB171BDD700B00318B48 /* Project object */;
			proxyType = 1;
			remoteGlobalIDString = 2273FB1E1BDD700B00318B48;
			remoteInfo = SleepApneaTrial;
		};
		2273FB3F1BDD700B00318B48 /* PBXContainerItemProxy */ = {
			isa = PBXContainerItemProxy;
			containerPortal = 2273FB171BDD700B00318B48 /* Project object */;
			proxyType = 1;
			remoteGlobalIDString = 2273FB1E1BDD700B00318B48;
			remoteInfo = SleepApneaTrial;
		};
/* End PBXContainerItemProxy section */

/* Begin PBXFileReference section */
		0C9978BDB1238A5029DF7BA9 /* Pods.release.xcconfig */ = {isa = PBXFileReference; includeInIndex = 1; lastKnownFileType = text.xcconfig; name = Pods.release.xcconfig; path = "Pods/Target Support Files/Pods/Pods.release.xcconfig"; sourceTree = "<group>"; };
		222DDEE01BDE7258003C7630 /* SleepApneaTrial.entitlements */ = {isa = PBXFileReference; lastKnownFileType = text.xml; path = SleepApneaTrial.entitlements; sourceTree = "<group>"; };
		222DDEE11BDE7258003C7630 /* HealthKit.framework */ = {isa = PBXFileReference; lastKnownFileType = wrapper.framework; name = HealthKit.framework; path = System/Library/Frameworks/HealthKit.framework; sourceTree = SDKROOT; };
		222DDEE31BDE72A4003C7630 /* HealthManager.swift */ = {isa = PBXFileReference; fileEncoding = 4; lastKnownFileType = sourcecode.swift; name = HealthManager.swift; path = ../HealthManager.swift; sourceTree = "<group>"; };
		2273FB1F1BDD700B00318B48 /* SleepApneaTrial.app */ = {isa = PBXFileReference; explicitFileType = wrapper.application; includeInIndex = 0; path = SleepApneaTrial.app; sourceTree = BUILT_PRODUCTS_DIR; };
		2273FB221BDD700B00318B48 /* AppDelegate.swift */ = {isa = PBXFileReference; lastKnownFileType = sourcecode.swift; path = AppDelegate.swift; sourceTree = "<group>"; };
		2273FB241BDD700B00318B48 /* ViewController.swift */ = {isa = PBXFileReference; lastKnownFileType = sourcecode.swift; path = ViewController.swift; sourceTree = "<group>"; };
		2273FB271BDD700B00318B48 /* Base */ = {isa = PBXFileReference; lastKnownFileType = file.storyboard; name = Base; path = Base.lproj/Main.storyboard; sourceTree = "<group>"; };
		2273FB291BDD700B00318B48 /* Assets.xcassets */ = {isa = PBXFileReference; lastKnownFileType = folder.assetcatalog; path = Assets.xcassets; sourceTree = "<group>"; };
		2273FB2C1BDD700B00318B48 /* Base */ = {isa = PBXFileReference; lastKnownFileType = file.storyboard; name = Base; path = Base.lproj/LaunchScreen.storyboard; sourceTree = "<group>"; };
		2273FB2E1BDD700B00318B48 /* Info.plist */ = {isa = PBXFileReference; lastKnownFileType = text.plist.xml; path = Info.plist; sourceTree = "<group>"; };
		2273FB331BDD700B00318B48 /* SleepApneaTrialTests.xctest */ = {isa = PBXFileReference; explicitFileType = wrapper.cfbundle; includeInIndex = 0; path = SleepApneaTrialTests.xctest; sourceTree = BUILT_PRODUCTS_DIR; };
		2273FB371BDD700B00318B48 /* SleepApneaTrialTests.swift */ = {isa = PBXFileReference; lastKnownFileType = sourcecode.swift; path = SleepApneaTrialTests.swift; sourceTree = "<group>"; };
		2273FB391BDD700B00318B48 /* Info.plist */ = {isa = PBXFileReference; lastKnownFileType = text.plist.xml; path = Info.plist; sourceTree = "<group>"; };
		2273FB3E1BDD700B00318B48 /* SleepApneaTrialUITests.xctest */ = {isa = PBXFileReference; explicitFileType = wrapper.cfbundle; includeInIndex = 0; path = SleepApneaTrialUITests.xctest; sourceTree = BUILT_PRODUCTS_DIR; };
		2273FB421BDD700B00318B48 /* SleepApneaTrialUITests.swift */ = {isa = PBXFileReference; lastKnownFileType = sourcecode.swift; path = SleepApneaTrialUITests.swift; sourceTree = "<group>"; };
		2273FB441BDD700B00318B48 /* Info.plist */ = {isa = PBXFileReference; lastKnownFileType = text.plist.xml; path = Info.plist; sourceTree = "<group>"; };
		3AE00D7C88E31101CE61F358 /* Pods.framework */ = {isa = PBXFileReference; explicitFileType = wrapper.framework; includeInIndex = 0; path = Pods.framework; sourceTree = BUILT_PRODUCTS_DIR; };
		769C875A19A0EE271C2AC9DE /* Pods.debug.xcconfig */ = {isa = PBXFileReference; includeInIndex = 1; lastKnownFileType = text.xcconfig; name = Pods.debug.xcconfig; path = "Pods/Target Support Files/Pods/Pods.debug.xcconfig"; sourceTree = "<group>"; };
/* End PBXFileReference section */

/* Begin PBXFrameworksBuildPhase section */
		2273FB1C1BDD700B00318B48 /* Frameworks */ = {
			isa = PBXFrameworksBuildPhase;
			buildActionMask = 2147483647;
			files = (
				222DDEE21BDE7258003C7630 /* HealthKit.framework in Frameworks */,
				D43A90592CA4F25623182979 /* Pods.framework in Frameworks */,
			);
			runOnlyForDeploymentPostprocessing = 0;
		};
		2273FB301BDD700B00318B48 /* Frameworks */ = {
			isa = PBXFrameworksBuildPhase;
			buildActionMask = 2147483647;
			files = (
			);
			runOnlyForDeploymentPostprocessing = 0;
		};
		2273FB3B1BDD700B00318B48 /* Frameworks */ = {
			isa = PBXFrameworksBuildPhase;
			buildActionMask = 2147483647;
			files = (
			);
			runOnlyForDeploymentPostprocessing = 0;
		};
/* End PBXFrameworksBuildPhase section */

/* Begin PBXGroup section */
		2273FB161BDD700B00318B48 = {
			isa = PBXGroup;
			children = (
				2273FB211BDD700B00318B48 /* SleepApneaTrial */,
				2273FB361BDD700B00318B48 /* SleepApneaTrialTests */,
				2273FB411BDD700B00318B48 /* SleepApneaTrialUITests */,
				2273FB201BDD700B00318B48 /* Products */,
				E950AC5056FD8B52F05F1999 /* Pods */,
				D595736AE469C640272DFDFC /* Frameworks */,
			);
			sourceTree = "<group>";
		};
		2273FB201BDD700B00318B48 /* Products */ = {
			isa = PBXGroup;
			children = (
				2273FB1F1BDD700B00318B48 /* SleepApneaTrial.app */,
				2273FB331BDD700B00318B48 /* SleepApneaTrialTests.xctest */,
				2273FB3E1BDD700B00318B48 /* SleepApneaTrialUITests.xctest */,
			);
			name = Products;
			sourceTree = "<group>";
		};
		2273FB211BDD700B00318B48 /* SleepApneaTrial */ = {
			isa = PBXGroup;
			children = (
				222DDEE01BDE7258003C7630 /* SleepApneaTrial.entitlements */,
				2273FB221BDD700B00318B48 /* AppDelegate.swift */,
				222DDEE31BDE72A4003C7630 /* HealthManager.swift */,
				2273FB241BDD700B00318B48 /* ViewController.swift */,
				2273FB261BDD700B00318B48 /* Main.storyboard */,
				2273FB291BDD700B00318B48 /* Assets.xcassets */,
				2273FB2B1BDD700B00318B48 /* LaunchScreen.storyboard */,
				2273FB2E1BDD700B00318B48 /* Info.plist */,
			);
			path = SleepApneaTrial;
			sourceTree = "<group>";
		};
		2273FB361BDD700B00318B48 /* SleepApneaTrialTests */ = {
			isa = PBXGroup;
			children = (
				2273FB371BDD700B00318B48 /* SleepApneaTrialTests.swift */,
				2273FB391BDD700B00318B48 /* Info.plist */,
			);
			path = SleepApneaTrialTests;
			sourceTree = "<group>";
		};
		2273FB411BDD700B00318B48 /* SleepApneaTrialUITests */ = {
			isa = PBXGroup;
			children = (
				2273FB421BDD700B00318B48 /* SleepApneaTrialUITests.swift */,
				2273FB441BDD700B00318B48 /* Info.plist */,
			);
			path = SleepApneaTrialUITests;
			sourceTree = "<group>";
		};
		D595736AE469C640272DFDFC /* Frameworks */ = {
			isa = PBXGroup;
			children = (
				222DDEE11BDE7258003C7630 /* HealthKit.framework */,
				3AE00D7C88E31101CE61F358 /* Pods.framework */,
			);
			name = Frameworks;
			sourceTree = "<group>";
		};
		E950AC5056FD8B52F05F1999 /* Pods */ = {
			isa = PBXGroup;
			children = (
				769C875A19A0EE271C2AC9DE /* Pods.debug.xcconfig */,
				0C9978BDB1238A5029DF7BA9 /* Pods.release.xcconfig */,
			);
			name = Pods;
			sourceTree = "<group>";
		};
/* End PBXGroup section */

/* Begin PBXNativeTarget section */
		2273FB1E1BDD700B00318B48 /* SleepApneaTrial */ = {
			isa = PBXNativeTarget;
			buildConfigurationList = 2273FB471BDD700B00318B48 /* Build configuration list for PBXNativeTarget "SleepApneaTrial" */;
			buildPhases = (
				553806263340347501A6ED63 /* Check Pods Manifest.lock */,
				2273FB1B1BDD700B00318B48 /* Sources */,
				2273FB1C1BDD700B00318B48 /* Frameworks */,
				2273FB1D1BDD700B00318B48 /* Resources */,
				8669271DBDA01EC8FDEDC1D6 /* Embed Pods Frameworks */,
				919F4454887F71006D2DE437 /* Copy Pods Resources */,
			);
			buildRules = (
			);
			dependencies = (
			);
			name = SleepApneaTrial;
			productName = SleepApneaTrial;
			productReference = 2273FB1F1BDD700B00318B48 /* SleepApneaTrial.app */;
			productType = "com.apple.product-type.application";
		};
		2273FB321BDD700B00318B48 /* SleepApneaTrialTests */ = {
			isa = PBXNativeTarget;
			buildConfigurationList = 2273FB4A1BDD700B00318B48 /* Build configuration list for PBXNativeTarget "SleepApneaTrialTests" */;
			buildPhases = (
				2273FB2F1BDD700B00318B48 /* Sources */,
				2273FB301BDD700B00318B48 /* Frameworks */,
				2273FB311BDD700B00318B48 /* Resources */,
			);
			buildRules = (
			);
			dependencies = (
				2273FB351BDD700B00318B48 /* PBXTargetDependency */,
			);
			name = SleepApneaTrialTests;
			productName = SleepApneaTrialTests;
			productReference = 2273FB331BDD700B00318B48 /* SleepApneaTrialTests.xctest */;
			productType = "com.apple.product-type.bundle.unit-test";
		};
		2273FB3D1BDD700B00318B48 /* SleepApneaTrialUITests */ = {
			isa = PBXNativeTarget;
			buildConfigurationList = 2273FB4D1BDD700B00318B48 /* Build configuration list for PBXNativeTarget "SleepApneaTrialUITests" */;
			buildPhases = (
				2273FB3A1BDD700B00318B48 /* Sources */,
				2273FB3B1BDD700B00318B48 /* Frameworks */,
				2273FB3C1BDD700B00318B48 /* Resources */,
			);
			buildRules = (
			);
			dependencies = (
				2273FB401BDD700B00318B48 /* PBXTargetDependency */,
			);
			name = SleepApneaTrialUITests;
			productName = SleepApneaTrialUITests;
			productReference = 2273FB3E1BDD700B00318B48 /* SleepApneaTrialUITests.xctest */;
			productType = "com.apple.product-type.bundle.ui-testing";
		};
/* End PBXNativeTarget section */

/* Begin PBXProject section */
		2273FB171BDD700B00318B48 /* Project object */ = {
			isa = PBXProject;
			attributes = {
				LastSwiftUpdateCheck = 0710;
				LastUpgradeCheck = 0710;
				ORGANIZATIONNAME = "Cornell Tech";
				TargetAttributes = {
					2273FB1E1BDD700B00318B48 = {
						CreatedOnToolsVersion = 7.1;
						DevelopmentTeam = 4496ANCXMN;
						SystemCapabilities = {
							com.apple.HealthKit = {
								enabled = 1;
							};
						};
					};
					2273FB321BDD700B00318B48 = {
						CreatedOnToolsVersion = 7.1;
						TestTargetID = 2273FB1E1BDD700B00318B48;
					};
					2273FB3D1BDD700B00318B48 = {
						CreatedOnToolsVersion = 7.1;
						TestTargetID = 2273FB1E1BDD700B00318B48;
					};
				};
			};
			buildConfigurationList = 2273FB1A1BDD700B00318B48 /* Build configuration list for PBXProject "SleepApneaTrial" */;
			compatibilityVersion = "Xcode 3.2";
			developmentRegion = English;
			hasScannedForEncodings = 0;
			knownRegions = (
				en,
				Base,
			);
			mainGroup = 2273FB161BDD700B00318B48;
			productRefGroup = 2273FB201BDD700B00318B48 /* Products */;
			projectDirPath = "";
			projectRoot = "";
			targets = (
				2273FB1E1BDD700B00318B48 /* SleepApneaTrial */,
				2273FB321BDD700B00318B48 /* SleepApneaTrialTests */,
				2273FB3D1BDD700B00318B48 /* SleepApneaTrialUITests */,
			);
		};
/* End PBXProject section */

/* Begin PBXResourcesBuildPhase section */
		2273FB1D1BDD700B00318B48 /* Resources */ = {
			isa = PBXResourcesBuildPhase;
			buildActionMask = 2147483647;
			files = (
				2273FB2D1BDD700B00318B48 /* LaunchScreen.storyboard in Resources */,
				2273FB2A1BDD700B00318B48 /* Assets.xcassets in Resources */,
				2273FB281BDD700B00318B48 /* Main.storyboard in Resources */,
			);
			runOnlyForDeploymentPostprocessing = 0;
		};
		2273FB311BDD700B00318B48 /* Resources */ = {
			isa = PBXResourcesBuildPhase;
			buildActionMask = 2147483647;
			files = (
			);
			runOnlyForDeploymentPostprocessing = 0;
		};
		2273FB3C1BDD700B00318B48 /* Resources */ = {
			isa = PBXResourcesBuildPhase;
			buildActionMask = 2147483647;
			files = (
			);
			runOnlyForDeploymentPostprocessing = 0;
		};
/* End PBXResourcesBuildPhase section */

/* Begin PBXShellScriptBuildPhase section */
		553806263340347501A6ED63 /* Check Pods Manifest.lock */ = {
			isa = PBXShellScriptBuildPhase;
			buildActionMask = 2147483647;
			files = (
			);
			inputPaths = (
			);
			name = "Check Pods Manifest.lock";
			outputPaths = (
			);
			runOnlyForDeploymentPostprocessing = 0;
			shellPath = /bin/sh;
			shellScript = "diff \"${PODS_ROOT}/../Podfile.lock\" \"${PODS_ROOT}/Manifest.lock\" > /dev/null\nif [[ $? != 0 ]] ; then\n    cat << EOM\nerror: The sandbox is not in sync with the Podfile.lock. Run 'pod install' or update your CocoaPods installation.\nEOM\n    exit 1\nfi\n";
			showEnvVarsInLog = 0;
		};
		8669271DBDA01EC8FDEDC1D6 /* Embed Pods Frameworks */ = {
			isa = PBXShellScriptBuildPhase;
			buildActionMask = 2147483647;
			files = (
			);
			inputPaths = (
			);
			name = "Embed Pods Frameworks";
			outputPaths = (
			);
			runOnlyForDeploymentPostprocessing = 0;
			shellPath = /bin/sh;
			shellScript = "\"${SRCROOT}/Pods/Target Support Files/Pods/Pods-frameworks.sh\"\n";
			showEnvVarsInLog = 0;
		};
		919F4454887F71006D2DE437 /* Copy Pods Resources */ = {
			isa = PBXShellScriptBuildPhase;
			buildActionMask = 2147483647;
			files = (
			);
			inputPaths = (
			);
			name = "Copy Pods Resources";
			outputPaths = (
			);
			runOnlyForDeploymentPostprocessing = 0;
			shellPath = /bin/sh;
			shellScript = "\"${SRCROOT}/Pods/Target Support Files/Pods/Pods-resources.sh\"\n";
			showEnvVarsInLog = 0;
		};
/* End PBXShellScriptBuildPhase section */

/* Begin PBXSourcesBuildPhase section */
		2273FB1B1BDD700B00318B48 /* Sources */ = {
			isa = PBXSourcesBuildPhase;
			buildActionMask = 2147483647;
			files = (
				2273FB251BDD700B00318B48 /* ViewController.swift in Sources */,
				222DDEE41BDE72A4003C7630 /* HealthManager.swift in Sources */,
				2273FB231BDD700B00318B48 /* AppDelegate.swift in Sources */,
			);
			runOnlyForDeploymentPostprocessing = 0;
		};
		2273FB2F1BDD700B00318B48 /* Sources */ = {
			isa = PBXSourcesBuildPhase;
			buildActionMask = 2147483647;
			files = (
				2273FB381BDD700B00318B48 /* SleepApneaTrialTests.swift in Sources */,
			);
			runOnlyForDeploymentPostprocessing = 0;
		};
		2273FB3A1BDD700B00318B48 /* Sources */ = {
			isa = PBXSourcesBuildPhase;
			buildActionMask = 2147483647;
			files = (
				2273FB431BDD700B00318B48 /* SleepApneaTrialUITests.swift in Sources */,
			);
			runOnlyForDeploymentPostprocessing = 0;
		};
/* End PBXSourcesBuildPhase section */

/* Begin PBXTargetDependency section */
		2273FB351BDD700B00318B48 /* PBXTargetDependency */ = {
			isa = PBXTargetDependency;
			target = 2273FB1E1BDD700B00318B48 /* SleepApneaTrial */;
			targetProxy = 2273FB341BDD700B00318B48 /* PBXContainerItemProxy */;
		};
		2273FB401BDD700B00318B48 /* PBXTargetDependency */ = {
			isa = PBXTargetDependency;
			target = 2273FB1E1BDD700B00318B48 /* SleepApneaTrial */;
			targetProxy = 2273FB3F1BDD700B00318B48 /* PBXContainerItemProxy */;
		};
/* End PBXTargetDependency section */

/* Begin PBXVariantGroup section */
		2273FB261BDD700B00318B48 /* Main.storyboard */ = {
			isa = PBXVariantGroup;
			children = (
				2273FB271BDD700B00318B48 /* Base */,
			);
			name = Main.storyboard;
			sourceTree = "<group>";
		};
		2273FB2B1BDD700B00318B48 /* LaunchScreen.storyboard */ = {
			isa = PBXVariantGroup;
			children = (
				2273FB2C1BDD700B00318B48 /* Base */,
			);
			name = LaunchScreen.storyboard;
			sourceTree = "<group>";
		};
/* End PBXVariantGroup section */

/* Begin XCBuildConfiguration section */
		2273FB451BDD700B00318B48 /* Debug */ = {
			isa = XCBuildConfiguration;
			buildSettings = {
				ALWAYS_SEARCH_USER_PATHS = NO;
				CLANG_CXX_LANGUAGE_STANDARD = "gnu++0x";
				CLANG_CXX_LIBRARY = "libc++";
				CLANG_ENABLE_MODULES = YES;
				CLANG_ENABLE_OBJC_ARC = YES;
				CLANG_WARN_BOOL_CONVERSION = YES;
				CLANG_WARN_CONSTANT_CONVERSION = YES;
				CLANG_WARN_DIRECT_OBJC_ISA_USAGE = YES_ERROR;
				CLANG_WARN_EMPTY_BODY = YES;
				CLANG_WARN_ENUM_CONVERSION = YES;
				CLANG_WARN_INT_CONVERSION = YES;
				CLANG_WARN_OBJC_ROOT_CLASS = YES_ERROR;
				CLANG_WARN_UNREACHABLE_CODE = YES;
				CLANG_WARN__DUPLICATE_METHOD_MATCH = YES;
				"CODE_SIGN_IDENTITY[sdk=iphoneos*]" = "iPhone Developer";
				COPY_PHASE_STRIP = NO;
				DEBUG_INFORMATION_FORMAT = dwarf;
				ENABLE_STRICT_OBJC_MSGSEND = YES;
				ENABLE_TESTABILITY = YES;
				GCC_C_LANGUAGE_STANDARD = gnu99;
				GCC_DYNAMIC_NO_PIC = NO;
				GCC_NO_COMMON_BLOCKS = YES;
				GCC_OPTIMIZATION_LEVEL = 0;
				GCC_PREPROCESSOR_DEFINITIONS = (
					"DEBUG=1",
					"$(inherited)",
				);
				GCC_WARN_64_TO_32_BIT_CONVERSION = YES;
				GCC_WARN_ABOUT_RETURN_TYPE = YES_ERROR;
				GCC_WARN_UNDECLARED_SELECTOR = YES;
				GCC_WARN_UNINITIALIZED_AUTOS = YES_AGGRESSIVE;
				GCC_WARN_UNUSED_FUNCTION = YES;
				GCC_WARN_UNUSED_VARIABLE = YES;
				IPHONEOS_DEPLOYMENT_TARGET = 9.1;
				MTL_ENABLE_DEBUG_INFO = YES;
				ONLY_ACTIVE_ARCH = YES;
				SDKROOT = iphoneos;
				SWIFT_OPTIMIZATION_LEVEL = "-Onone";
			};
			name = Debug;
		};
		2273FB461BDD700B00318B48 /* Release */ = {
			isa = XCBuildConfiguration;
			buildSettings = {
				ALWAYS_SEARCH_USER_PATHS = NO;
				CLANG_CXX_LANGUAGE_STANDARD = "gnu++0x";
				CLANG_CXX_LIBRARY = "libc++";
				CLANG_ENABLE_MODULES = YES;
				CLANG_ENABLE_OBJC_ARC = YES;
				CLANG_WARN_BOOL_CONVERSION = YES;
				CLANG_WARN_CONSTANT_CONVERSION = YES;
				CLANG_WARN_DIRECT_OBJC_ISA_USAGE = YES_ERROR;
				CLANG_WARN_EMPTY_BODY = YES;
				CLANG_WARN_ENUM_CONVERSION = YES;
				CLANG_WARN_INT_CONVERSION = YES;
				CLANG_WARN_OBJC_ROOT_CLASS = YES_ERROR;
				CLANG_WARN_UNREACHABLE_CODE = YES;
				CLANG_WARN__DUPLICATE_METHOD_MATCH = YES;
				"CODE_SIGN_IDENTITY[sdk=iphoneos*]" = "iPhone Developer";
				COPY_PHASE_STRIP = NO;
				DEBUG_INFORMATION_FORMAT = "dwarf-with-dsym";
				ENABLE_NS_ASSERTIONS = NO;
				ENABLE_STRICT_OBJC_MSGSEND = YES;
				GCC_C_LANGUAGE_STANDARD = gnu99;
				GCC_NO_COMMON_BLOCKS = YES;
				GCC_WARN_64_TO_32_BIT_CONVERSION = YES;
				GCC_WARN_ABOUT_RETURN_TYPE = YES_ERROR;
				GCC_WARN_UNDECLARED_SELECTOR = YES;
				GCC_WARN_UNINITIALIZED_AUTOS = YES_AGGRESSIVE;
				GCC_WARN_UNUSED_FUNCTION = YES;
				GCC_WARN_UNUSED_VARIABLE = YES;
				IPHONEOS_DEPLOYMENT_TARGET = 9.1;
				MTL_ENABLE_DEBUG_INFO = NO;
				SDKROOT = iphoneos;
				VALIDATE_PRODUCT = YES;
			};
			name = Release;
		};
		2273FB481BDD700B00318B48 /* Debug */ = {
			isa = XCBuildConfiguration;
			baseConfigurationReference = 769C875A19A0EE271C2AC9DE /* Pods.debug.xcconfig */;
			buildSettings = {
				ASSETCATALOG_COMPILER_APPICON_NAME = AppIcon;
				CODE_SIGN_ENTITLEMENTS = SleepApneaTrial/SleepApneaTrial.entitlements;
				CODE_SIGN_IDENTITY = "iPhone Developer";
				"CODE_SIGN_IDENTITY[sdk=iphoneos*]" = "iPhone Developer";
				INFOPLIST_FILE = SleepApneaTrial/Info.plist;
				LD_RUNPATH_SEARCH_PATHS = "$(inherited) @executable_path/Frameworks";
				PRODUCT_BUNDLE_IDENTIFIER = edu.cornell.tech.SleepApneaTrial;
				PRODUCT_NAME = "$(TARGET_NAME)";
				PROVISIONING_PROFILE = "";
			};
			name = Debug;
		};
		2273FB491BDD700B00318B48 /* Release */ = {
			isa = XCBuildConfiguration;
			baseConfigurationReference = 0C9978BDB1238A5029DF7BA9 /* Pods.release.xcconfig */;
			buildSettings = {
				ASSETCATALOG_COMPILER_APPICON_NAME = AppIcon;
				CODE_SIGN_ENTITLEMENTS = SleepApneaTrial/SleepApneaTrial.entitlements;
				CODE_SIGN_IDENTITY = "iPhone Developer";
				"CODE_SIGN_IDENTITY[sdk=iphoneos*]" = "iPhone Developer";
				INFOPLIST_FILE = SleepApneaTrial/Info.plist;
				LD_RUNPATH_SEARCH_PATHS = "$(inherited) @executable_path/Frameworks";
				PRODUCT_BUNDLE_IDENTIFIER = edu.cornell.tech.SleepApneaTrial;
				PRODUCT_NAME = "$(TARGET_NAME)";
				PROVISIONING_PROFILE = "";
			};
			name = Release;
		};
		2273FB4B1BDD700B00318B48 /* Debug */ = {
			isa = XCBuildConfiguration;
			buildSettings = {
				BUNDLE_LOADER = "$(TEST_HOST)";
				INFOPLIST_FILE = SleepApneaTrialTests/Info.plist;
				LD_RUNPATH_SEARCH_PATHS = "$(inherited) @executable_path/Frameworks @loader_path/Frameworks";
				PRODUCT_BUNDLE_IDENTIFIER = edu.cornell.tech.SleepApneaTrialTests;
				PRODUCT_NAME = "$(TARGET_NAME)";
				TEST_HOST = "$(BUILT_PRODUCTS_DIR)/SleepApneaTrial.app/SleepApneaTrial";
			};
			name = Debug;
		};
		2273FB4C1BDD700B00318B48 /* Release */ = {
			isa = XCBuildConfiguration;
			buildSettings = {
				BUNDLE_LOADER = "$(TEST_HOST)";
				INFOPLIST_FILE = SleepApneaTrialTests/Info.plist;
				LD_RUNPATH_SEARCH_PATHS = "$(inherited) @executable_path/Frameworks @loader_path/Frameworks";
				PRODUCT_BUNDLE_IDENTIFIER = edu.cornell.tech.SleepApneaTrialTests;
				PRODUCT_NAME = "$(TARGET_NAME)";
				TEST_HOST = "$(BUILT_PRODUCTS_DIR)/SleepApneaTrial.app/SleepApneaTrial";
			};
			name = Release;
		};
		2273FB4E1BDD700B00318B48 /* Debug */ = {
			isa = XCBuildConfiguration;
			buildSettings = {
				INFOPLIST_FILE = SleepApneaTrialUITests/Info.plist;
				LD_RUNPATH_SEARCH_PATHS = "$(inherited) @executable_path/Frameworks @loader_path/Frameworks";
				PRODUCT_BUNDLE_IDENTIFIER = edu.cornell.tech.SleepApneaTrialUITests;
				PRODUCT_NAME = "$(TARGET_NAME)";
				TEST_TARGET_NAME = SleepApneaTrial;
				USES_XCTRUNNER = YES;
			};
			name = Debug;
		};
		2273FB4F1BDD700B00318B48 /* Release */ = {
			isa = XCBuildConfiguration;
			buildSettings = {
				INFOPLIST_FILE = SleepApneaTrialUITests/Info.plist;
				LD_RUNPATH_SEARCH_PATHS = "$(inherited) @executable_path/Frameworks @loader_path/Frameworks";
				PRODUCT_BUNDLE_IDENTIFIER = edu.cornell.tech.SleepApneaTrialUITests;
				PRODUCT_NAME = "$(TARGET_NAME)";
				TEST_TARGET_NAME = SleepApneaTrial;
				USES_XCTRUNNER = YES;
			};
			name = Release;
		};
/* End XCBuildConfiguration section */

/* Begin XCConfigurationList section */
		2273FB1A1BDD700B00318B48 /* Build configuration list for PBXProject "SleepApneaTrial" */ = {
			isa = XCConfigurationList;
			buildConfigurations = (
				2273FB451BDD700B00318B48 /* Debug */,
				2273FB461BDD700B00318B48 /* Release */,
			);
			defaultConfigurationIsVisible = 0;
			defaultConfigurationName = Release;
		};
		2273FB471BDD700B00318B48 /* Build configuration list for PBXNativeTarget "SleepApneaTrial" */ = {
			isa = XCConfigurationList;
			buildConfigurations = (
				2273FB481BDD700B00318B48 /* Debug */,
				2273FB491BDD700B00318B48 /* Release */,
			);
			defaultConfigurationIsVisible = 0;
			defaultConfigurationName = Release;
		};
		2273FB4A1BDD700B00318B48 /* Build configuration list for PBXNativeTarget "SleepApneaTrialTests" */ = {
			isa = XCConfigurationList;
			buildConfigurations = (
				2273FB4B1BDD700B00318B48 /* Debug */,
				2273FB4C1BDD700B00318B48 /* Release */,
			);
			defaultConfigurationIsVisible = 0;
			defaultConfigurationName = Release;
		};
		2273FB4D1BDD700B00318B48 /* Build configuration list for PBXNativeTarget "SleepApneaTrialUITests" */ = {
			isa = XCConfigurationList;
			buildConfigurations = (
				2273FB4E1BDD700B00318B48 /* Debug */,
				2273FB4F1BDD700B00318B48 /* Release */,
			);
			defaultConfigurationIsVisible = 0;
			defaultConfigurationName = Release;
		};
/* End XCConfigurationList section */
	};
	rootObject = 2273FB171BDD700B00318B48 /* Project object */;
}
